// !$*UTF8*$!
{
	archiveVersion = 1;
	classes = {
	};
	objectVersion = 46;
	objects = {

/* Begin PBXBuildFile section */
		2E061D3A1CE7806900B2C161 /* favoriteView.png in Resources */ = {isa = PBXBuildFile; fileRef = 2E061D391CE7806900B2C161 /* favoriteView.png */; };
		2E23878D1CEC9EC1002738DC /* RFViewModel.m in Sources */ = {isa = PBXBuildFile; fileRef = 2E23878C1CEC9EC1002738DC /* RFViewModel.m */; };
		2E2387901CECA1C4002738DC /* MovieComment.m in Sources */ = {isa = PBXBuildFile; fileRef = 2E23878F1CECA1C4002738DC /* MovieComment.m */; };
		2E2387951CECA317002738DC /* MovieImage+CoreDataProperties.m in Sources */ = {isa = PBXBuildFile; fileRef = 2E2387921CECA317002738DC /* MovieImage+CoreDataProperties.m */; };
		2E2387961CECA317002738DC /* MovieImage.m in Sources */ = {isa = PBXBuildFile; fileRef = 2E2387941CECA317002738DC /* MovieImage.m */; };
		2E3DCA841CE9C1510062BD26 /* TopMovieCell.m in Sources */ = {isa = PBXBuildFile; fileRef = 2E3DCA831CE9C1510062BD26 /* TopMovieCell.m */; };
		2E3DCA871CEAE0A10062BD26 /* MainViewModel.m in Sources */ = {isa = PBXBuildFile; fileRef = 2E3DCA861CEAE0A10062BD26 /* MainViewModel.m */; };
		2E447F8C1CE4909000187C8E /* UIImage+TintColor.m in Sources */ = {isa = PBXBuildFile; fileRef = 2E447F8B1CE4909000187C8E /* UIImage+TintColor.m */; };
		2E447F901CE49FFD00187C8E /* RFNetworkManager.m in Sources */ = {isa = PBXBuildFile; fileRef = 2E447F8F1CE49FFD00187C8E /* RFNetworkManager.m */; };
		2E447F931CE4A62500187C8E /* RFDataManager.m in Sources */ = {isa = PBXBuildFile; fileRef = 2E447F921CE4A62500187C8E /* RFDataManager.m */; };
		2E5CF98F1CF6C2E20082FDC7 /* RFProgressHUD.swift in Sources */ = {isa = PBXBuildFile; fileRef = 2E5CF98E1CF6C2E20082FDC7 /* RFProgressHUD.swift */; };
		2E5CF9911CF6C3B50082FDC7 /* RFReachableManager.swift in Sources */ = {isa = PBXBuildFile; fileRef = 2E5CF9901CF6C3B50082FDC7 /* RFReachableManager.swift */; };
		2E5CF9931CF6C5350082FDC7 /* SystemConfiguration.framework in Frameworks */ = {isa = PBXBuildFile; fileRef = 2E5CF9921CF6C5350082FDC7 /* SystemConfiguration.framework */; };
		2E9DF7EC1CF88CA900F7BAF0 /* ComingMovieViewCell.swift in Sources */ = {isa = PBXBuildFile; fileRef = 2E9DF7EB1CF88CA900F7BAF0 /* ComingMovieViewCell.swift */; };
		2E9DF7EF1CF8ABC900F7BAF0 /* main.png in Resources */ = {isa = PBXBuildFile; fileRef = 2E9DF7ED1CF8ABC900F7BAF0 /* main.png */; };
		2E9DF7F01CF8ABC900F7BAF0 /* detail.png in Resources */ = {isa = PBXBuildFile; fileRef = 2E9DF7EE1CF8ABC900F7BAF0 /* detail.png */; };
		2EAB4AC31CE601A0009EE639 /* RFParser.m in Sources */ = {isa = PBXBuildFile; fileRef = 2EAB4AC21CE601A0009EE639 /* RFParser.m */; };
		2EAB4AC61CE6079C009EE639 /* MovieActor.m in Sources */ = {isa = PBXBuildFile; fileRef = 2EAB4AC51CE6079C009EE639 /* MovieActor.m */; };
		2EAB4AC81CE61840009EE639 /* WebKit.framework in Frameworks */ = {isa = PBXBuildFile; fileRef = 2EAB4AC71CE61840009EE639 /* WebKit.framework */; };
		2EAB4ACB1CE61897009EE639 /* DetailController.m in Sources */ = {isa = PBXBuildFile; fileRef = 2EAB4ACA1CE61897009EE639 /* DetailController.m */; };
		2EAB4ACE1CE618BA009EE639 /* WebController.m in Sources */ = {isa = PBXBuildFile; fileRef = 2EAB4ACD1CE618BA009EE639 /* WebController.m */; };
		2EAB4AD11CE61A23009EE639 /* HotMovieView.m in Sources */ = {isa = PBXBuildFile; fileRef = 2EAB4AD01CE61A23009EE639 /* HotMovieView.m */; };
		2EAB4ADC1CE70C99009EE639 /* Movie.xcdatamodeld in Sources */ = {isa = PBXBuildFile; fileRef = 2EAB4ADA1CE70C99009EE639 /* Movie.xcdatamodeld */; };
		2EAB4AF31CE711F1009EE639 /* FavorieMovies+CoreDataProperties.m in Sources */ = {isa = PBXBuildFile; fileRef = 2EAB4AF01CE711F1009EE639 /* FavorieMovies+CoreDataProperties.m */; };
		2EAB4AF41CE711F1009EE639 /* FavorieMovies.m in Sources */ = {isa = PBXBuildFile; fileRef = 2EAB4AF21CE711F1009EE639 /* FavorieMovies.m */; };
		2ED3AEE21CE4D7FD00DF1F7E /* SearchController.m in Sources */ = {isa = PBXBuildFile; fileRef = 2ED3AEE11CE4D7FC00DF1F7E /* SearchController.m */; };
		2EE3F6521CF732A8002724B7 /* ActorCollectionCell.swift in Sources */ = {isa = PBXBuildFile; fileRef = 2EE3F6511CF732A7002724B7 /* ActorCollectionCell.swift */; };
		2EE5B3A51CE3578300590827 /* main.m in Sources */ = {isa = PBXBuildFile; fileRef = 2EE5B3A41CE3578300590827 /* main.m */; };
		2EE5B3A81CE3578300590827 /* AppDelegate.m in Sources */ = {isa = PBXBuildFile; fileRef = 2EE5B3A71CE3578300590827 /* AppDelegate.m */; };
		2EE5B3B01CE3578300590827 /* Assets.xcassets in Resources */ = {isa = PBXBuildFile; fileRef = 2EE5B3AF1CE3578300590827 /* Assets.xcassets */; };
		2EE5B3B31CE3578300590827 /* LaunchScreen.storyboard in Resources */ = {isa = PBXBuildFile; fileRef = 2EE5B3B11CE3578300590827 /* LaunchScreen.storyboard */; };
		2EE5B3BE1CE3578300590827 /* ReFilmTests.m in Sources */ = {isa = PBXBuildFile; fileRef = 2EE5B3BD1CE3578300590827 /* ReFilmTests.m */; };
		2EE5B3C91CE3578300590827 /* ReFilmUITests.m in Sources */ = {isa = PBXBuildFile; fileRef = 2EE5B3C81CE3578300590827 /* ReFilmUITests.m */; };
		2EE5B5A61CE4477300590827 /* MasterViewController.m in Sources */ = {isa = PBXBuildFile; fileRef = 2EE5B5A51CE4477300590827 /* MasterViewController.m */; };
		2EE5B5A91CE447D700590827 /* FavoriteController.m in Sources */ = {isa = PBXBuildFile; fileRef = 2EE5B5A81CE447D700590827 /* FavoriteController.m */; };
		2EE5B5AC1CE4482900590827 /* SettingController.m in Sources */ = {isa = PBXBuildFile; fileRef = 2EE5B5AB1CE4482900590827 /* SettingController.m */; };
		2EE5B5AF1CE449F700590827 /* VITabBarController.m in Sources */ = {isa = PBXBuildFile; fileRef = 2EE5B5AE1CE449F700590827 /* VITabBarController.m */; };
		2EE5B5B21CE44A2800590827 /* Movie.m in Sources */ = {isa = PBXBuildFile; fileRef = 2EE5B5B11CE44A2800590827 /* Movie.m */; };
		2EE5B5B51CE44A8100590827 /* MovieCollectionCell.m in Sources */ = {isa = PBXBuildFile; fileRef = 2EE5B5B41CE44A8100590827 /* MovieCollectionCell.m */; };
		2EE5B5B81CE44A9D00590827 /* MovieTableCell.m in Sources */ = {isa = PBXBuildFile; fileRef = 2EE5B5B71CE44A9D00590827 /* MovieTableCell.m */; };
		2EE5B5BB1CE44AC300590827 /* CoreDataManager.m in Sources */ = {isa = PBXBuildFile; fileRef = 2EE5B5BA1CE44AC300590827 /* CoreDataManager.m */; };
		2EE5B5BF1CE44F0A00590827 /* TabButton.m in Sources */ = {isa = PBXBuildFile; fileRef = 2EE5B5BE1CE44F0A00590827 /* TabButton.m */; };
		2EE5B5C21CE44FAE00590827 /* CoreData.framework in Frameworks */ = {isa = PBXBuildFile; fileRef = 2EE5B5C11CE44FAD00590827 /* CoreData.framework */; };
		2EF24D431CF1A6D7005FC8AE /* MovieDetail.m in Sources */ = {isa = PBXBuildFile; fileRef = 2EF24D421CF1A6D7005FC8AE /* MovieDetail.m */; };
		2EF24D461CF1EA16005FC8AE /* TopView.m in Sources */ = {isa = PBXBuildFile; fileRef = 2EF24D451CF1EA16005FC8AE /* TopView.m */; };
		E92D9500DBF676EC83DAF60C /* libPods.a in Frameworks */ = {isa = PBXBuildFile; fileRef = 0E01C51F3416B55E8A9B7048 /* libPods.a */; };
/* End PBXBuildFile section */

/* Begin PBXContainerItemProxy section */
		2EE5B3BA1CE3578300590827 /* PBXContainerItemProxy */ = {
			isa = PBXContainerItemProxy;
			containerPortal = 2EE5B3981CE3578200590827 /* Project object */;
			proxyType = 1;
			remoteGlobalIDString = 2EE5B39F1CE3578200590827;
			remoteInfo = ReFilm;
		};
		2EE5B3C51CE3578300590827 /* PBXContainerItemProxy */ = {
			isa = PBXContainerItemProxy;
			containerPortal = 2EE5B3981CE3578200590827 /* Project object */;
			proxyType = 1;
			remoteGlobalIDString = 2EE5B39F1CE3578200590827;
			remoteInfo = ReFilm;
		};
/* End PBXContainerItemProxy section */

/* Begin PBXFileReference section */
		0E01C51F3416B55E8A9B7048 /* libPods.a */ = {isa = PBXFileReference; explicitFileType = archive.ar; includeInIndex = 0; path = libPods.a; sourceTree = BUILT_PRODUCTS_DIR; };
		160D8C502A7848AA9B0D38CC /* Pods.debug.xcconfig */ = {isa = PBXFileReference; includeInIndex = 1; lastKnownFileType = text.xcconfig; name = Pods.debug.xcconfig; path = "Pods/Target Support Files/Pods/Pods.debug.xcconfig"; sourceTree = "<group>"; };
		2DCCC943B7D37B9D9FD53211 /* Pods.release.xcconfig */ = {isa = PBXFileReference; includeInIndex = 1; lastKnownFileType = text.xcconfig; name = Pods.release.xcconfig; path = "Pods/Target Support Files/Pods/Pods.release.xcconfig"; sourceTree = "<group>"; };
		2E061D391CE7806900B2C161 /* favoriteView.png */ = {isa = PBXFileReference; lastKnownFileType = image.png; path = favoriteView.png; sourceTree = "<group>"; };
		2E23878B1CEC9EC1002738DC /* RFViewModel.h */ = {isa = PBXFileReference; fileEncoding = 4; lastKnownFileType = sourcecode.c.h; name = RFViewModel.h; path = ReFilm/ViewModel/RFViewModel.h; sourceTree = "<group>"; };
		2E23878C1CEC9EC1002738DC /* RFViewModel.m */ = {isa = PBXFileReference; fileEncoding = 4; lastKnownFileType = sourcecode.c.objc; name = RFViewModel.m; path = ReFilm/ViewModel/RFViewModel.m; sourceTree = "<group>"; };
		2E23878E1CECA1C4002738DC /* MovieComment.h */ = {isa = PBXFileReference; fileEncoding = 4; lastKnownFileType = sourcecode.c.h; name = MovieComment.h; path = ReFilm/Model/MovieComment.h; sourceTree = "<group>"; };
		2E23878F1CECA1C4002738DC /* MovieComment.m */ = {isa = PBXFileReference; fileEncoding = 4; lastKnownFileType = sourcecode.c.objc; name = MovieComment.m; path = ReFilm/Model/MovieComment.m; sourceTree = "<group>"; };
		2E2387911CECA317002738DC /* MovieImage+CoreDataProperties.h */ = {isa = PBXFileReference; fileEncoding = 4; lastKnownFileType = sourcecode.c.h; name = "MovieImage+CoreDataProperties.h"; path = "ReFilm/Model/CoreDataModel/MovieImage+CoreDataProperties.h"; sourceTree = "<group>"; };
		2E2387921CECA317002738DC /* MovieImage+CoreDataProperties.m */ = {isa = PBXFileReference; fileEncoding = 4; lastKnownFileType = sourcecode.c.objc; name = "MovieImage+CoreDataProperties.m"; path = "ReFilm/Model/CoreDataModel/MovieImage+CoreDataProperties.m"; sourceTree = "<group>"; };
		2E2387931CECA317002738DC /* MovieImage.h */ = {isa = PBXFileReference; fileEncoding = 4; lastKnownFileType = sourcecode.c.h; name = MovieImage.h; path = ReFilm/Model/CoreDataModel/MovieImage.h; sourceTree = "<group>"; };
		2E2387941CECA317002738DC /* MovieImage.m */ = {isa = PBXFileReference; fileEncoding = 4; lastKnownFileType = sourcecode.c.objc; name = MovieImage.m; path = ReFilm/Model/CoreDataModel/MovieImage.m; sourceTree = "<group>"; };
		2E3DCA821CE9C1510062BD26 /* TopMovieCell.h */ = {isa = PBXFileReference; fileEncoding = 4; lastKnownFileType = sourcecode.c.h; name = TopMovieCell.h; path = ReFilm/View/TopMovieCell.h; sourceTree = "<group>"; };
		2E3DCA831CE9C1510062BD26 /* TopMovieCell.m */ = {isa = PBXFileReference; fileEncoding = 4; lastKnownFileType = sourcecode.c.objc; name = TopMovieCell.m; path = ReFilm/View/TopMovieCell.m; sourceTree = "<group>"; };
		2E3DCA851CEAE0A10062BD26 /* MainViewModel.h */ = {isa = PBXFileReference; fileEncoding = 4; lastKnownFileType = sourcecode.c.h; name = MainViewModel.h; path = ReFilm/ViewModel/MainViewModel.h; sourceTree = "<group>"; };
		2E3DCA861CEAE0A10062BD26 /* MainViewModel.m */ = {isa = PBXFileReference; fileEncoding = 4; lastKnownFileType = sourcecode.c.objc; name = MainViewModel.m; path = ReFilm/ViewModel/MainViewModel.m; sourceTree = "<group>"; };
		2E447F8A1CE4909000187C8E /* UIImage+TintColor.h */ = {isa = PBXFileReference; fileEncoding = 4; lastKnownFileType = sourcecode.c.h; name = "UIImage+TintColor.h"; path = "ReFilm/Utlis/UIImage+TintColor.h"; sourceTree = "<group>"; };
		2E447F8B1CE4909000187C8E /* UIImage+TintColor.m */ = {isa = PBXFileReference; fileEncoding = 4; lastKnownFileType = sourcecode.c.objc; name = "UIImage+TintColor.m"; path = "ReFilm/Utlis/UIImage+TintColor.m"; sourceTree = "<group>"; };
		2E447F8E1CE49FFD00187C8E /* RFNetworkManager.h */ = {isa = PBXFileReference; fileEncoding = 4; lastKnownFileType = sourcecode.c.h; name = RFNetworkManager.h; path = ReFilm/RFNetwork/RFNetworkManager.h; sourceTree = "<group>"; };
		2E447F8F1CE49FFD00187C8E /* RFNetworkManager.m */ = {isa = PBXFileReference; fileEncoding = 4; lastKnownFileType = sourcecode.c.objc; name = RFNetworkManager.m; path = ReFilm/RFNetwork/RFNetworkManager.m; sourceTree = "<group>"; };
		2E447F911CE4A62500187C8E /* RFDataManager.h */ = {isa = PBXFileReference; fileEncoding = 4; lastKnownFileType = sourcecode.c.h; name = RFDataManager.h; path = ReFilm/Model/RFDataManager.h; sourceTree = "<group>"; };
		2E447F921CE4A62500187C8E /* RFDataManager.m */ = {isa = PBXFileReference; fileEncoding = 4; lastKnownFileType = sourcecode.c.objc; name = RFDataManager.m; path = ReFilm/Model/RFDataManager.m; sourceTree = "<group>"; };
		2E5CF98B1CF60CAB0082FDC7 /* ReFilm-Bridging-Header.h */ = {isa = PBXFileReference; lastKnownFileType = sourcecode.c.h; path = "ReFilm-Bridging-Header.h"; sourceTree = "<group>"; };
		2E5CF98E1CF6C2E20082FDC7 /* RFProgressHUD.swift */ = {isa = PBXFileReference; fileEncoding = 4; lastKnownFileType = sourcecode.swift; path = RFProgressHUD.swift; sourceTree = "<group>"; };
		2E5CF9901CF6C3B50082FDC7 /* RFReachableManager.swift */ = {isa = PBXFileReference; fileEncoding = 4; lastKnownFileType = sourcecode.swift; name = RFReachableManager.swift; path = ReFilm/Utlis/RFReachableManager.swift; sourceTree = "<group>"; };
		2E5CF9921CF6C5350082FDC7 /* SystemConfiguration.framework */ = {isa = PBXFileReference; lastKnownFileType = wrapper.framework; name = SystemConfiguration.framework; path = System/Library/Frameworks/SystemConfiguration.framework; sourceTree = SDKROOT; };
		2E9DF7EB1CF88CA900F7BAF0 /* ComingMovieViewCell.swift */ = {isa = PBXFileReference; fileEncoding = 4; lastKnownFileType = sourcecode.swift; name = ComingMovieViewCell.swift; path = ReFilm/View/ComingMovieViewCell.swift; sourceTree = "<group>"; };
		2E9DF7ED1CF8ABC900F7BAF0 /* main.png */ = {isa = PBXFileReference; lastKnownFileType = image.png; path = main.png; sourceTree = "<group>"; };
		2E9DF7EE1CF8ABC900F7BAF0 /* detail.png */ = {isa = PBXFileReference; lastKnownFileType = image.png; path = detail.png; sourceTree = "<group>"; };
		2EAB4AC11CE601A0009EE639 /* RFParser.h */ = {isa = PBXFileReference; fileEncoding = 4; lastKnownFileType = sourcecode.c.h; name = RFParser.h; path = ReFilm/ViewModel/RFParser.h; sourceTree = "<group>"; };
		2EAB4AC21CE601A0009EE639 /* RFParser.m */ = {isa = PBXFileReference; fileEncoding = 4; lastKnownFileType = sourcecode.c.objc; name = RFParser.m; path = ReFilm/ViewModel/RFParser.m; sourceTree = "<group>"; };
		2EAB4AC41CE6079C009EE639 /* MovieActor.h */ = {isa = PBXFileReference; fileEncoding = 4; lastKnownFileType = sourcecode.c.h; name = MovieActor.h; path = ReFilm/Model/MovieActor.h; sourceTree = "<group>"; };
		2EAB4AC51CE6079C009EE639 /* MovieActor.m */ = {isa = PBXFileReference; fileEncoding = 4; lastKnownFileType = sourcecode.c.objc; name = MovieActor.m; path = ReFilm/Model/MovieActor.m; sourceTree = "<group>"; };
		2EAB4AC71CE61840009EE639 /* WebKit.framework */ = {isa = PBXFileReference; lastKnownFileType = wrapper.framework; name = WebKit.framework; path = System/Library/Frameworks/WebKit.framework; sourceTree = SDKROOT; };
		2EAB4AC91CE61897009EE639 /* DetailController.h */ = {isa = PBXFileReference; fileEncoding = 4; lastKnownFileType = sourcecode.c.h; name = DetailController.h; path = ReFilm/Controller/DetailController.h; sourceTree = "<group>"; };
		2EAB4ACA1CE61897009EE639 /* DetailController.m */ = {isa = PBXFileReference; fileEncoding = 4; lastKnownFileType = sourcecode.c.objc; name = DetailController.m; path = ReFilm/Controller/DetailController.m; sourceTree = "<group>"; };
		2EAB4ACC1CE618BA009EE639 /* WebController.h */ = {isa = PBXFileReference; fileEncoding = 4; lastKnownFileType = sourcecode.c.h; name = WebController.h; path = ReFilm/Controller/WebController.h; sourceTree = "<group>"; };
		2EAB4ACD1CE618BA009EE639 /* WebController.m */ = {isa = PBXFileReference; fileEncoding = 4; lastKnownFileType = sourcecode.c.objc; name = WebController.m; path = ReFilm/Controller/WebController.m; sourceTree = "<group>"; };
		2EAB4ACF1CE61A23009EE639 /* HotMovieView.h */ = {isa = PBXFileReference; fileEncoding = 4; lastKnownFileType = sourcecode.c.h; name = HotMovieView.h; path = ReFilm/View/HotMovieView.h; sourceTree = "<group>"; };
		2EAB4AD01CE61A23009EE639 /* HotMovieView.m */ = {isa = PBXFileReference; fileEncoding = 4; lastKnownFileType = sourcecode.c.objc; name = HotMovieView.m; path = ReFilm/View/HotMovieView.m; sourceTree = "<group>"; };
		2EAB4ADB1CE70C99009EE639 /* Movie.xcdatamodel */ = {isa = PBXFileReference; lastKnownFileType = wrapper.xcdatamodel; path = Movie.xcdatamodel; sourceTree = "<group>"; };
		2EAB4AEF1CE711F1009EE639 /* FavorieMovies+CoreDataProperties.h */ = {isa = PBXFileReference; fileEncoding = 4; lastKnownFileType = sourcecode.c.h; name = "FavorieMovies+CoreDataProperties.h"; path = "ReFilm/Model/CoreDataModel/FavorieMovies+CoreDataProperties.h"; sourceTree = "<group>"; };
		2EAB4AF01CE711F1009EE639 /* FavorieMovies+CoreDataProperties.m */ = {isa = PBXFileReference; fileEncoding = 4; lastKnownFileType = sourcecode.c.objc; name = "FavorieMovies+CoreDataProperties.m"; path = "ReFilm/Model/CoreDataModel/FavorieMovies+CoreDataProperties.m"; sourceTree = "<group>"; };
		2EAB4AF11CE711F1009EE639 /* FavorieMovies.h */ = {isa = PBXFileReference; fileEncoding = 4; lastKnownFileType = sourcecode.c.h; name = FavorieMovies.h; path = ReFilm/Model/CoreDataModel/FavorieMovies.h; sourceTree = "<group>"; };
		2EAB4AF21CE711F1009EE639 /* FavorieMovies.m */ = {isa = PBXFileReference; fileEncoding = 4; lastKnownFileType = sourcecode.c.objc; name = FavorieMovies.m; path = ReFilm/Model/CoreDataModel/FavorieMovies.m; sourceTree = "<group>"; };
		2ED3AEE01CE4D7FC00DF1F7E /* SearchController.h */ = {isa = PBXFileReference; fileEncoding = 4; lastKnownFileType = sourcecode.c.h; name = SearchController.h; path = ReFilm/Controller/SearchController.h; sourceTree = "<group>"; };
		2ED3AEE11CE4D7FC00DF1F7E /* SearchController.m */ = {isa = PBXFileReference; fileEncoding = 4; lastKnownFileType = sourcecode.c.objc; name = SearchController.m; path = ReFilm/Controller/SearchController.m; sourceTree = "<group>"; };
		2EE3F6511CF732A7002724B7 /* ActorCollectionCell.swift */ = {isa = PBXFileReference; fileEncoding = 4; lastKnownFileType = sourcecode.swift; name = ActorCollectionCell.swift; path = ReFilm/View/ActorCollectionCell.swift; sourceTree = "<group>"; };
		2EE5B3A01CE3578200590827 /* ReFilm.app */ = {isa = PBXFileReference; explicitFileType = wrapper.application; includeInIndex = 0; path = ReFilm.app; sourceTree = BUILT_PRODUCTS_DIR; };
		2EE5B3A41CE3578300590827 /* main.m */ = {isa = PBXFileReference; lastKnownFileType = sourcecode.c.objc; path = main.m; sourceTree = "<group>"; };
		2EE5B3A61CE3578300590827 /* AppDelegate.h */ = {isa = PBXFileReference; lastKnownFileType = sourcecode.c.h; path = AppDelegate.h; sourceTree = "<group>"; };
		2EE5B3A71CE3578300590827 /* AppDelegate.m */ = {isa = PBXFileReference; lastKnownFileType = sourcecode.c.objc; path = AppDelegate.m; sourceTree = "<group>"; };
		2EE5B3AF1CE3578300590827 /* Assets.xcassets */ = {isa = PBXFileReference; lastKnownFileType = folder.assetcatalog; path = Assets.xcassets; sourceTree = "<group>"; };
		2EE5B3B21CE3578300590827 /* Base */ = {isa = PBXFileReference; lastKnownFileType = file.storyboard; name = Base; path = Base.lproj/LaunchScreen.storyboard; sourceTree = "<group>"; };
		2EE5B3B41CE3578300590827 /* Info.plist */ = {isa = PBXFileReference; lastKnownFileType = text.plist.xml; path = Info.plist; sourceTree = "<group>"; };
		2EE5B3B91CE3578300590827 /* ReFilmTests.xctest */ = {isa = PBXFileReference; explicitFileType = wrapper.cfbundle; includeInIndex = 0; path = ReFilmTests.xctest; sourceTree = BUILT_PRODUCTS_DIR; };
		2EE5B3BD1CE3578300590827 /* ReFilmTests.m */ = {isa = PBXFileReference; lastKnownFileType = sourcecode.c.objc; path = ReFilmTests.m; sourceTree = "<group>"; };
		2EE5B3BF1CE3578300590827 /* Info.plist */ = {isa = PBXFileReference; lastKnownFileType = text.plist.xml; path = Info.plist; sourceTree = "<group>"; };
		2EE5B3C41CE3578300590827 /* ReFilmUITests.xctest */ = {isa = PBXFileReference; explicitFileType = wrapper.cfbundle; includeInIndex = 0; path = ReFilmUITests.xctest; sourceTree = BUILT_PRODUCTS_DIR; };
		2EE5B3C81CE3578300590827 /* ReFilmUITests.m */ = {isa = PBXFileReference; lastKnownFileType = sourcecode.c.objc; path = ReFilmUITests.m; sourceTree = "<group>"; };
		2EE5B3CA1CE3578300590827 /* Info.plist */ = {isa = PBXFileReference; lastKnownFileType = text.plist.xml; path = Info.plist; sourceTree = "<group>"; };
		2EE5B5A41CE4477300590827 /* MasterViewController.h */ = {isa = PBXFileReference; fileEncoding = 4; lastKnownFileType = sourcecode.c.h; name = MasterViewController.h; path = ReFilm/Controller/MasterViewController.h; sourceTree = "<group>"; };
		2EE5B5A51CE4477300590827 /* MasterViewController.m */ = {isa = PBXFileReference; fileEncoding = 4; lastKnownFileType = sourcecode.c.objc; name = MasterViewController.m; path = ReFilm/Controller/MasterViewController.m; sourceTree = "<group>"; };
		2EE5B5A71CE447D700590827 /* FavoriteController.h */ = {isa = PBXFileReference; fileEncoding = 4; lastKnownFileType = sourcecode.c.h; name = FavoriteController.h; path = ReFilm/Controller/FavoriteController.h; sourceTree = "<group>"; };
		2EE5B5A81CE447D700590827 /* FavoriteController.m */ = {isa = PBXFileReference; fileEncoding = 4; lastKnownFileType = sourcecode.c.objc; name = FavoriteController.m; path = ReFilm/Controller/FavoriteController.m; sourceTree = "<group>"; };
		2EE5B5AA1CE4482900590827 /* SettingController.h */ = {isa = PBXFileReference; fileEncoding = 4; lastKnownFileType = sourcecode.c.h; name = SettingController.h; path = ReFilm/Controller/SettingController.h; sourceTree = "<group>"; };
		2EE5B5AB1CE4482900590827 /* SettingController.m */ = {isa = PBXFileReference; fileEncoding = 4; lastKnownFileType = sourcecode.c.objc; name = SettingController.m; path = ReFilm/Controller/SettingController.m; sourceTree = "<group>"; };
		2EE5B5AD1CE449F700590827 /* VITabBarController.h */ = {isa = PBXFileReference; fileEncoding = 4; lastKnownFileType = sourcecode.c.h; name = VITabBarController.h; path = ReFilm/Controller/VITabBarController.h; sourceTree = "<group>"; };
		2EE5B5AE1CE449F700590827 /* VITabBarController.m */ = {isa = PBXFileReference; fileEncoding = 4; lastKnownFileType = sourcecode.c.objc; name = VITabBarController.m; path = ReFilm/Controller/VITabBarController.m; sourceTree = "<group>"; };
		2EE5B5B01CE44A2800590827 /* Movie.h */ = {isa = PBXFileReference; fileEncoding = 4; lastKnownFileType = sourcecode.c.h; name = Movie.h; path = ReFilm/Model/Movie.h; sourceTree = "<group>"; };
		2EE5B5B11CE44A2800590827 /* Movie.m */ = {isa = PBXFileReference; fileEncoding = 4; lastKnownFileType = sourcecode.c.objc; name = Movie.m; path = ReFilm/Model/Movie.m; sourceTree = "<group>"; };
		2EE5B5B31CE44A8100590827 /* MovieCollectionCell.h */ = {isa = PBXFileReference; fileEncoding = 4; lastKnownFileType = sourcecode.c.h; name = MovieCollectionCell.h; path = ReFilm/View/MovieCollectionCell.h; sourceTree = "<group>"; };
		2EE5B5B41CE44A8100590827 /* MovieCollectionCell.m */ = {isa = PBXFileReference; fileEncoding = 4; lastKnownFileType = sourcecode.c.objc; name = MovieCollectionCell.m; path = ReFilm/View/MovieCollectionCell.m; sourceTree = "<group>"; };
		2EE5B5B61CE44A9D00590827 /* MovieTableCell.h */ = {isa = PBXFileReference; fileEncoding = 4; lastKnownFileType = sourcecode.c.h; name = MovieTableCell.h; path = ReFilm/View/MovieTableCell.h; sourceTree = "<group>"; };
		2EE5B5B71CE44A9D00590827 /* MovieTableCell.m */ = {isa = PBXFileReference; fileEncoding = 4; lastKnownFileType = sourcecode.c.objc; name = MovieTableCell.m; path = ReFilm/View/MovieTableCell.m; sourceTree = "<group>"; };
		2EE5B5B91CE44AC300590827 /* CoreDataManager.h */ = {isa = PBXFileReference; fileEncoding = 4; lastKnownFileType = sourcecode.c.h; name = CoreDataManager.h; path = ReFilm/ViewModel/CoreDataManager.h; sourceTree = "<group>"; };
		2EE5B5BA1CE44AC300590827 /* CoreDataManager.m */ = {isa = PBXFileReference; fileEncoding = 4; lastKnownFileType = sourcecode.c.objc; name = CoreDataManager.m; path = ReFilm/ViewModel/CoreDataManager.m; sourceTree = "<group>"; };
		2EE5B5BD1CE44F0A00590827 /* TabButton.h */ = {isa = PBXFileReference; fileEncoding = 4; lastKnownFileType = sourcecode.c.h; name = TabButton.h; path = ReFilm/View/TabButton.h; sourceTree = "<group>"; };
		2EE5B5BE1CE44F0A00590827 /* TabButton.m */ = {isa = PBXFileReference; fileEncoding = 4; lastKnownFileType = sourcecode.c.objc; name = TabButton.m; path = ReFilm/View/TabButton.m; sourceTree = "<group>"; };
		2EE5B5C11CE44FAD00590827 /* CoreData.framework */ = {isa = PBXFileReference; lastKnownFileType = wrapper.framework; name = CoreData.framework; path = System/Library/Frameworks/CoreData.framework; sourceTree = SDKROOT; };
		2EF24D411CF1A6D7005FC8AE /* MovieDetail.h */ = {isa = PBXFileReference; fileEncoding = 4; lastKnownFileType = sourcecode.c.h; name = MovieDetail.h; path = ReFilm/Model/MovieDetail.h; sourceTree = "<group>"; };
		2EF24D421CF1A6D7005FC8AE /* MovieDetail.m */ = {isa = PBXFileReference; fileEncoding = 4; lastKnownFileType = sourcecode.c.objc; name = MovieDetail.m; path = ReFilm/Model/MovieDetail.m; sourceTree = "<group>"; };
		2EF24D441CF1EA16005FC8AE /* TopView.h */ = {isa = PBXFileReference; fileEncoding = 4; lastKnownFileType = sourcecode.c.h; name = TopView.h; path = ReFilm/View/TopView.h; sourceTree = "<group>"; };
		2EF24D451CF1EA16005FC8AE /* TopView.m */ = {isa = PBXFileReference; fileEncoding = 4; lastKnownFileType = sourcecode.c.objc; name = TopView.m; path = ReFilm/View/TopView.m; sourceTree = "<group>"; };
/* End PBXFileReference section */

/* Begin PBXFrameworksBuildPhase section */
		2EE5B39D1CE3578200590827 /* Frameworks */ = {
			isa = PBXFrameworksBuildPhase;
			buildActionMask = 2147483647;
			files = (
				2E5CF9931CF6C5350082FDC7 /* SystemConfiguration.framework in Frameworks */,
				2EAB4AC81CE61840009EE639 /* WebKit.framework in Frameworks */,
				2EE5B5C21CE44FAE00590827 /* CoreData.framework in Frameworks */,
				E92D9500DBF676EC83DAF60C /* libPods.a in Frameworks */,
			);
			runOnlyForDeploymentPostprocessing = 0;
		};
		2EE5B3B61CE3578300590827 /* Frameworks */ = {
			isa = PBXFrameworksBuildPhase;
			buildActionMask = 2147483647;
			files = (
			);
			runOnlyForDeploymentPostprocessing = 0;
		};
		2EE5B3C11CE3578300590827 /* Frameworks */ = {
			isa = PBXFrameworksBuildPhase;
			buildActionMask = 2147483647;
			files = (
			);
			runOnlyForDeploymentPostprocessing = 0;
		};
/* End PBXFrameworksBuildPhase section */

/* Begin PBXGroup section */
		18192D043B469AB191911EB2 /* Frameworks */ = {
			isa = PBXGroup;
			children = (
				0E01C51F3416B55E8A9B7048 /* libPods.a */,
			);
			name = Frameworks;
			sourceTree = "<group>";
		};
		2E061D381CE7805800B2C161 /* Resources */ = {
			isa = PBXGroup;
			children = (
				2E9DF7ED1CF8ABC900F7BAF0 /* main.png */,
				2E9DF7EE1CF8ABC900F7BAF0 /* detail.png */,
				2E061D391CE7806900B2C161 /* favoriteView.png */,
			);
			name = Resources;
			sourceTree = "<group>";
		};
		2E447F8D1CE49F7700187C8E /* RFNetwork */ = {
			isa = PBXGroup;
			children = (
				2E447F8E1CE49FFD00187C8E /* RFNetworkManager.h */,
				2E447F8F1CE49FFD00187C8E /* RFNetworkManager.m */,
			);
			name = RFNetwork;
			sourceTree = "<group>";
		};
		2EAB4AD21CE6F910009EE639 /* RFHUD */ = {
			isa = PBXGroup;
			children = (
				2E5CF98E1CF6C2E20082FDC7 /* RFProgressHUD.swift */,
				2E5CF98B1CF60CAB0082FDC7 /* ReFilm-Bridging-Header.h */,
			);
			name = RFHUD;
			sourceTree = "<group>";
		};
		2EAB4AD91CE70834009EE639 /* CoreDataModel */ = {
			isa = PBXGroup;
			children = (
				2E2387911CECA317002738DC /* MovieImage+CoreDataProperties.h */,
				2E2387921CECA317002738DC /* MovieImage+CoreDataProperties.m */,
				2E2387931CECA317002738DC /* MovieImage.h */,
				2E2387941CECA317002738DC /* MovieImage.m */,
				2EAB4AEF1CE711F1009EE639 /* FavorieMovies+CoreDataProperties.h */,
				2EAB4AF01CE711F1009EE639 /* FavorieMovies+CoreDataProperties.m */,
				2EAB4AF11CE711F1009EE639 /* FavorieMovies.h */,
				2EAB4AF21CE711F1009EE639 /* FavorieMovies.m */,
				2EAB4ADA1CE70C99009EE639 /* Movie.xcdatamodeld */,
			);
			name = CoreDataModel;
			sourceTree = "<group>";
		};
		2EE5B3971CE3578200590827 = {
			isa = PBXGroup;
			children = (
				2E061D381CE7805800B2C161 /* Resources */,
				2EAB4AD21CE6F910009EE639 /* RFHUD */,
				2E447F8D1CE49F7700187C8E /* RFNetwork */,
				2EE5B5C01CE44F9200590827 /* Frameworks */,
				2EE5B5BC1CE44ACF00590827 /* ViewModel */,
				2EE5B3D91CE3586E00590827 /* Utlis */,
				2EE5B3D81CE3586700590827 /* Controller */,
				2EE5B3D71CE3586200590827 /* View */,
				2EE5B3D61CE3585D00590827 /* Model */,
				2EE5B3A21CE3578300590827 /* Main */,
				2EE5B3BC1CE3578300590827 /* ReFilmTests */,
				2EE5B3C71CE3578300590827 /* ReFilmUITests */,
				2EE5B3A11CE3578200590827 /* Products */,
				478417974D2CCB3182B41DB3 /* Pods */,
				18192D043B469AB191911EB2 /* Frameworks */,
			);
			sourceTree = "<group>";
		};
		2EE5B3A11CE3578200590827 /* Products */ = {
			isa = PBXGroup;
			children = (
				2EE5B3A01CE3578200590827 /* ReFilm.app */,
				2EE5B3B91CE3578300590827 /* ReFilmTests.xctest */,
				2EE5B3C41CE3578300590827 /* ReFilmUITests.xctest */,
			);
			name = Products;
			sourceTree = "<group>";
		};
		2EE5B3A21CE3578300590827 /* Main */ = {
			isa = PBXGroup;
			children = (
				2EE5B3A61CE3578300590827 /* AppDelegate.h */,
				2EE5B3A71CE3578300590827 /* AppDelegate.m */,
				2EE5B3AF1CE3578300590827 /* Assets.xcassets */,
				2EE5B3B11CE3578300590827 /* LaunchScreen.storyboard */,
				2EE5B3B41CE3578300590827 /* Info.plist */,
				2EE5B3A31CE3578300590827 /* Supporting Files */,
			);
			name = Main;
			path = ReFilm;
			sourceTree = "<group>";
		};
		2EE5B3A31CE3578300590827 /* Supporting Files */ = {
			isa = PBXGroup;
			children = (
				2EE5B3A41CE3578300590827 /* main.m */,
			);
			name = "Supporting Files";
			sourceTree = "<group>";
		};
		2EE5B3BC1CE3578300590827 /* ReFilmTests */ = {
			isa = PBXGroup;
			children = (
				2EE5B3BD1CE3578300590827 /* ReFilmTests.m */,
				2EE5B3BF1CE3578300590827 /* Info.plist */,
			);
			path = ReFilmTests;
			sourceTree = "<group>";
		};
		2EE5B3C71CE3578300590827 /* ReFilmUITests */ = {
			isa = PBXGroup;
			children = (
				2EE5B3C81CE3578300590827 /* ReFilmUITests.m */,
				2EE5B3CA1CE3578300590827 /* Info.plist */,
			);
			path = ReFilmUITests;
			sourceTree = "<group>";
		};
		2EE5B3D61CE3585D00590827 /* Model */ = {
			isa = PBXGroup;
			children = (
				2EAB4AD91CE70834009EE639 /* CoreDataModel */,
				2EE5B5B01CE44A2800590827 /* Movie.h */,
				2EE5B5B11CE44A2800590827 /* Movie.m */,
				2EAB4AC41CE6079C009EE639 /* MovieActor.h */,
				2EAB4AC51CE6079C009EE639 /* MovieActor.m */,
				2E23878E1CECA1C4002738DC /* MovieComment.h */,
				2E23878F1CECA1C4002738DC /* MovieComment.m */,
				2EF24D411CF1A6D7005FC8AE /* MovieDetail.h */,
				2EF24D421CF1A6D7005FC8AE /* MovieDetail.m */,
			);
			name = Model;
			sourceTree = "<group>";
		};
		2EE5B3D71CE3586200590827 /* View */ = {
			isa = PBXGroup;
			children = (
				2EE5B5B31CE44A8100590827 /* MovieCollectionCell.h */,
				2EE5B5B41CE44A8100590827 /* MovieCollectionCell.m */,
				2EE5B5B61CE44A9D00590827 /* MovieTableCell.h */,
				2EE5B5B71CE44A9D00590827 /* MovieTableCell.m */,
				2EE5B5BD1CE44F0A00590827 /* TabButton.h */,
				2EE5B5BE1CE44F0A00590827 /* TabButton.m */,
				2EAB4ACF1CE61A23009EE639 /* HotMovieView.h */,
				2EAB4AD01CE61A23009EE639 /* HotMovieView.m */,
				2E3DCA821CE9C1510062BD26 /* TopMovieCell.h */,
				2E3DCA831CE9C1510062BD26 /* TopMovieCell.m */,
				2EF24D441CF1EA16005FC8AE /* TopView.h */,
				2EF24D451CF1EA16005FC8AE /* TopView.m */,
				2EE3F6511CF732A7002724B7 /* ActorCollectionCell.swift */,
				2E9DF7EB1CF88CA900F7BAF0 /* ComingMovieViewCell.swift */,
			);
			name = View;
			sourceTree = "<group>";
		};
		2EE5B3D81CE3586700590827 /* Controller */ = {
			isa = PBXGroup;
			children = (
				2EE5B5A41CE4477300590827 /* MasterViewController.h */,
				2EE5B5A51CE4477300590827 /* MasterViewController.m */,
				2EE5B5A71CE447D700590827 /* FavoriteController.h */,
				2EE5B5A81CE447D700590827 /* FavoriteController.m */,
				2EE5B5AA1CE4482900590827 /* SettingController.h */,
				2EE5B5AB1CE4482900590827 /* SettingController.m */,
				2EE5B5AD1CE449F700590827 /* VITabBarController.h */,
				2EE5B5AE1CE449F700590827 /* VITabBarController.m */,
				2ED3AEE01CE4D7FC00DF1F7E /* SearchController.h */,
				2ED3AEE11CE4D7FC00DF1F7E /* SearchController.m */,
				2EAB4AC91CE61897009EE639 /* DetailController.h */,
				2EAB4ACA1CE61897009EE639 /* DetailController.m */,
				2EAB4ACC1CE618BA009EE639 /* WebController.h */,
				2EAB4ACD1CE618BA009EE639 /* WebController.m */,
			);
			name = Controller;
			sourceTree = "<group>";
		};
		2EE5B3D91CE3586E00590827 /* Utlis */ = {
			isa = PBXGroup;
			children = (
				2E447F8A1CE4909000187C8E /* UIImage+TintColor.h */,
				2E447F8B1CE4909000187C8E /* UIImage+TintColor.m */,
				2E5CF9901CF6C3B50082FDC7 /* RFReachableManager.swift */,
			);
			name = Utlis;
			sourceTree = "<group>";
		};
		2EE5B5BC1CE44ACF00590827 /* ViewModel */ = {
			isa = PBXGroup;
			children = (
				2EE5B5B91CE44AC300590827 /* CoreDataManager.h */,
				2EE5B5BA1CE44AC300590827 /* CoreDataManager.m */,
				2E447F911CE4A62500187C8E /* RFDataManager.h */,
				2E447F921CE4A62500187C8E /* RFDataManager.m */,
				2EAB4AC11CE601A0009EE639 /* RFParser.h */,
				2EAB4AC21CE601A0009EE639 /* RFParser.m */,
				2E3DCA851CEAE0A10062BD26 /* MainViewModel.h */,
				2E3DCA861CEAE0A10062BD26 /* MainViewModel.m */,
				2E23878B1CEC9EC1002738DC /* RFViewModel.h */,
				2E23878C1CEC9EC1002738DC /* RFViewModel.m */,
			);
			name = ViewModel;
			sourceTree = "<group>";
		};
		2EE5B5C01CE44F9200590827 /* Frameworks */ = {
			isa = PBXGroup;
			children = (
				2E5CF9921CF6C5350082FDC7 /* SystemConfiguration.framework */,
				2EAB4AC71CE61840009EE639 /* WebKit.framework */,
				2EE5B5C11CE44FAD00590827 /* CoreData.framework */,
			);
			name = Frameworks;
			sourceTree = "<group>";
		};
		478417974D2CCB3182B41DB3 /* Pods */ = {
			isa = PBXGroup;
			children = (
				160D8C502A7848AA9B0D38CC /* Pods.debug.xcconfig */,
				2DCCC943B7D37B9D9FD53211 /* Pods.release.xcconfig */,
			);
			name = Pods;
			sourceTree = "<group>";
		};
/* End PBXGroup section */

/* Begin PBXNativeTarget section */
		2EE5B39F1CE3578200590827 /* ReFilm */ = {
			isa = PBXNativeTarget;
			buildConfigurationList = 2EE5B3CD1CE3578300590827 /* Build configuration list for PBXNativeTarget "ReFilm" */;
			buildPhases = (
				FEE29B550D8C816D4F0D4E1B /* Check Pods Manifest.lock */,
				2EE5B39C1CE3578200590827 /* Sources */,
				2EE5B39D1CE3578200590827 /* Frameworks */,
				2EE5B39E1CE3578200590827 /* Resources */,
				6AE41247E989F3E746626C51 /* Embed Pods Frameworks */,
				0A3851AD7597828E4520D7C3 /* Copy Pods Resources */,
			);
			buildRules = (
			);
			dependencies = (
			);
			name = ReFilm;
			productName = ReFilm;
			productReference = 2EE5B3A01CE3578200590827 /* ReFilm.app */;
			productType = "com.apple.product-type.application";
		};
		2EE5B3B81CE3578300590827 /* ReFilmTests */ = {
			isa = PBXNativeTarget;
			buildConfigurationList = 2EE5B3D01CE3578300590827 /* Build configuration list for PBXNativeTarget "ReFilmTests" */;
			buildPhases = (
				2EE5B3B51CE3578300590827 /* Sources */,
				2EE5B3B61CE3578300590827 /* Frameworks */,
				2EE5B3B71CE3578300590827 /* Resources */,
			);
			buildRules = (
			);
			dependencies = (
				2EE5B3BB1CE3578300590827 /* PBXTargetDependency */,
			);
			name = ReFilmTests;
			productName = ReFilmTests;
			productReference = 2EE5B3B91CE3578300590827 /* ReFilmTests.xctest */;
			productType = "com.apple.product-type.bundle.unit-test";
		};
		2EE5B3C31CE3578300590827 /* ReFilmUITests */ = {
			isa = PBXNativeTarget;
			buildConfigurationList = 2EE5B3D31CE3578300590827 /* Build configuration list for PBXNativeTarget "ReFilmUITests" */;
			buildPhases = (
				2EE5B3C01CE3578300590827 /* Sources */,
				2EE5B3C11CE3578300590827 /* Frameworks */,
				2EE5B3C21CE3578300590827 /* Resources */,
			);
			buildRules = (
			);
			dependencies = (
				2EE5B3C61CE3578300590827 /* PBXTargetDependency */,
			);
			name = ReFilmUITests;
			productName = ReFilmUITests;
			productReference = 2EE5B3C41CE3578300590827 /* ReFilmUITests.xctest */;
			productType = "com.apple.product-type.bundle.ui-testing";
		};
/* End PBXNativeTarget section */

/* Begin PBXProject section */
		2EE5B3981CE3578200590827 /* Project object */ = {
			isa = PBXProject;
			attributes = {
				LastUpgradeCheck = 0730;
				ORGANIZATIONNAME = VicChan;
				TargetAttributes = {
					2EE5B39F1CE3578200590827 = {
						CreatedOnToolsVersion = 7.3.1;
						DevelopmentTeam = 23D5PVYLWJ;
					};
					2EE5B3B81CE3578300590827 = {
						CreatedOnToolsVersion = 7.3.1;
						DevelopmentTeam = 23D5PVYLWJ;
						TestTargetID = 2EE5B39F1CE3578200590827;
					};
					2EE5B3C31CE3578300590827 = {
						CreatedOnToolsVersion = 7.3.1;
						DevelopmentTeam = 23D5PVYLWJ;
						TestTargetID = 2EE5B39F1CE3578200590827;
					};
				};
			};
			buildConfigurationList = 2EE5B39B1CE3578200590827 /* Build configuration list for PBXProject "ReFilm" */;
			compatibilityVersion = "Xcode 3.2";
			developmentRegion = English;
			hasScannedForEncodings = 0;
			knownRegions = (
				en,
				Base,
			);
			mainGroup = 2EE5B3971CE3578200590827;
			productRefGroup = 2EE5B3A11CE3578200590827 /* Products */;
			projectDirPath = "";
			projectRoot = "";
			targets = (
				2EE5B39F1CE3578200590827 /* ReFilm */,
				2EE5B3B81CE3578300590827 /* ReFilmTests */,
				2EE5B3C31CE3578300590827 /* ReFilmUITests */,
			);
		};
/* End PBXProject section */

/* Begin PBXResourcesBuildPhase section */
		2EE5B39E1CE3578200590827 /* Resources */ = {
			isa = PBXResourcesBuildPhase;
			buildActionMask = 2147483647;
			files = (
				2E9DF7EF1CF8ABC900F7BAF0 /* main.png in Resources */,
				2EE5B3B31CE3578300590827 /* LaunchScreen.storyboard in Resources */,
				2E9DF7F01CF8ABC900F7BAF0 /* detail.png in Resources */,
				2EE5B3B01CE3578300590827 /* Assets.xcassets in Resources */,
				2E061D3A1CE7806900B2C161 /* favoriteView.png in Resources */,
			);
			runOnlyForDeploymentPostprocessing = 0;
		};
		2EE5B3B71CE3578300590827 /* Resources */ = {
			isa = PBXResourcesBuildPhase;
			buildActionMask = 2147483647;
			files = (
			);
			runOnlyForDeploymentPostprocessing = 0;
		};
		2EE5B3C21CE3578300590827 /* Resources */ = {
			isa = PBXResourcesBuildPhase;
			buildActionMask = 2147483647;
			files = (
			);
			runOnlyForDeploymentPostprocessing = 0;
		};
/* End PBXResourcesBuildPhase section */

/* Begin PBXShellScriptBuildPhase section */
		0A3851AD7597828E4520D7C3 /* Copy Pods Resources */ = {
			isa = PBXShellScriptBuildPhase;
			buildActionMask = 2147483647;
			files = (
			);
			inputPaths = (
			);
			name = "Copy Pods Resources";
			outputPaths = (
			);
			runOnlyForDeploymentPostprocessing = 0;
			shellPath = /bin/sh;
			shellScript = "\"${SRCROOT}/Pods/Target Support Files/Pods/Pods-resources.sh\"\n";
			showEnvVarsInLog = 0;
		};
		6AE41247E989F3E746626C51 /* Embed Pods Frameworks */ = {
			isa = PBXShellScriptBuildPhase;
			buildActionMask = 2147483647;
			files = (
			);
			inputPaths = (
			);
			name = "Embed Pods Frameworks";
			outputPaths = (
			);
			runOnlyForDeploymentPostprocessing = 0;
			shellPath = /bin/sh;
			shellScript = "\"${SRCROOT}/Pods/Target Support Files/Pods/Pods-frameworks.sh\"\n";
			showEnvVarsInLog = 0;
		};
		FEE29B550D8C816D4F0D4E1B /* Check Pods Manifest.lock */ = {
			isa = PBXShellScriptBuildPhase;
			buildActionMask = 2147483647;
			files = (
			);
			inputPaths = (
			);
			name = "Check Pods Manifest.lock";
			outputPaths = (
			);
			runOnlyForDeploymentPostprocessing = 0;
			shellPath = /bin/sh;
			shellScript = "diff \"${PODS_ROOT}/../Podfile.lock\" \"${PODS_ROOT}/Manifest.lock\" > /dev/null\nif [[ $? != 0 ]] ; then\n    cat << EOM\nerror: The sandbox is not in sync with the Podfile.lock. Run 'pod install' or update your CocoaPods installation.\nEOM\n    exit 1\nfi\n";
			showEnvVarsInLog = 0;
		};
/* End PBXShellScriptBuildPhase section */

/* Begin PBXSourcesBuildPhase section */
		2EE5B39C1CE3578200590827 /* Sources */ = {
			isa = PBXSourcesBuildPhase;
			buildActionMask = 2147483647;
			files = (
				2E3DCA871CEAE0A10062BD26 /* MainViewModel.m in Sources */,
				2EE5B5AF1CE449F700590827 /* VITabBarController.m in Sources */,
				2E9DF7EC1CF88CA900F7BAF0 /* ComingMovieViewCell.swift in Sources */,
				2EF24D431CF1A6D7005FC8AE /* MovieDetail.m in Sources */,
				2EE5B3A81CE3578300590827 /* AppDelegate.m in Sources */,
				2EAB4ACB1CE61897009EE639 /* DetailController.m in Sources */,
				2E2387961CECA317002738DC /* MovieImage.m in Sources */,
				2E2387901CECA1C4002738DC /* MovieComment.m in Sources */,
				2E5CF98F1CF6C2E20082FDC7 /* RFProgressHUD.swift in Sources */,
				2EAB4AD11CE61A23009EE639 /* HotMovieView.m in Sources */,
				2EAB4AF41CE711F1009EE639 /* FavorieMovies.m in Sources */,
				2EE5B5BB1CE44AC300590827 /* CoreDataManager.m in Sources */,
				2EE5B5B21CE44A2800590827 /* Movie.m in Sources */,
				2E3DCA841CE9C1510062BD26 /* TopMovieCell.m in Sources */,
				2EE3F6521CF732A8002724B7 /* ActorCollectionCell.swift in Sources */,
				2EE5B5BF1CE44F0A00590827 /* TabButton.m in Sources */,
				2EE5B5A61CE4477300590827 /* MasterViewController.m in Sources */,
				2EE5B5B51CE44A8100590827 /* MovieCollectionCell.m in Sources */,
				2E447F901CE49FFD00187C8E /* RFNetworkManager.m in Sources */,
				2E5CF9911CF6C3B50082FDC7 /* RFReachableManager.swift in Sources */,
				2EAB4AF31CE711F1009EE639 /* FavorieMovies+CoreDataProperties.m in Sources */,
				2EAB4ACE1CE618BA009EE639 /* WebController.m in Sources */,
				2EF24D461CF1EA16005FC8AE /* TopView.m in Sources */,
				2EE5B5B81CE44A9D00590827 /* MovieTableCell.m in Sources */,
				2EAB4AC61CE6079C009EE639 /* MovieActor.m in Sources */,
				2EAB4ADC1CE70C99009EE639 /* Movie.xcdatamodeld in Sources */,
				2ED3AEE21CE4D7FD00DF1F7E /* SearchController.m in Sources */,
				2E2387951CECA317002738DC /* MovieImage+CoreDataProperties.m in Sources */,
				2EAB4AC31CE601A0009EE639 /* RFParser.m in Sources */,
				2E447F931CE4A62500187C8E /* RFDataManager.m in Sources */,
				2E447F8C1CE4909000187C8E /* UIImage+TintColor.m in Sources */,
				2E23878D1CEC9EC1002738DC /* RFViewModel.m in Sources */,
				2EE5B5AC1CE4482900590827 /* SettingController.m in Sources */,
				2EE5B3A51CE3578300590827 /* main.m in Sources */,
				2EE5B5A91CE447D700590827 /* FavoriteController.m in Sources */,
			);
			runOnlyForDeploymentPostprocessing = 0;
		};
		2EE5B3B51CE3578300590827 /* Sources */ = {
			isa = PBXSourcesBuildPhase;
			buildActionMask = 2147483647;
			files = (
				2EE5B3BE1CE3578300590827 /* ReFilmTests.m in Sources */,
			);
			runOnlyForDeploymentPostprocessing = 0;
		};
		2EE5B3C01CE3578300590827 /* Sources */ = {
			isa = PBXSourcesBuildPhase;
			buildActionMask = 2147483647;
			files = (
				2EE5B3C91CE3578300590827 /* ReFilmUITests.m in Sources */,
			);
			runOnlyForDeploymentPostprocessing = 0;
		};
/* End PBXSourcesBuildPhase section */

/* Begin PBXTargetDependency section */
		2EE5B3BB1CE3578300590827 /* PBXTargetDependency */ = {
			isa = PBXTargetDependency;
			target = 2EE5B39F1CE3578200590827 /* ReFilm */;
			targetProxy = 2EE5B3BA1CE3578300590827 /* PBXContainerItemProxy */;
		};
		2EE5B3C61CE3578300590827 /* PBXTargetDependency */ = {
			isa = PBXTargetDependency;
			target = 2EE5B39F1CE3578200590827 /* ReFilm */;
			targetProxy = 2EE5B3C51CE3578300590827 /* PBXContainerItemProxy */;
		};
/* End PBXTargetDependency section */

/* Begin PBXVariantGroup section */
		2EE5B3B11CE3578300590827 /* LaunchScreen.storyboard */ = {
			isa = PBXVariantGroup;
			children = (
				2EE5B3B21CE3578300590827 /* Base */,
			);
			name = LaunchScreen.storyboard;
			sourceTree = "<group>";
		};
/* End PBXVariantGroup section */

/* Begin XCBuildConfiguration section */
		2EE5B3CB1CE3578300590827 /* Debug */ = {
			isa = XCBuildConfiguration;
			buildSettings = {
				ALWAYS_SEARCH_USER_PATHS = NO;
				CLANG_ANALYZER_NONNULL = YES;
				CLANG_CXX_LANGUAGE_STANDARD = "gnu++0x";
				CLANG_CXX_LIBRARY = "libc++";
				CLANG_ENABLE_MODULES = YES;
				CLANG_ENABLE_OBJC_ARC = YES;
				CLANG_WARN_BOOL_CONVERSION = YES;
				CLANG_WARN_CONSTANT_CONVERSION = YES;
				CLANG_WARN_DIRECT_OBJC_ISA_USAGE = YES_ERROR;
				CLANG_WARN_EMPTY_BODY = YES;
				CLANG_WARN_ENUM_CONVERSION = YES;
				CLANG_WARN_INT_CONVERSION = YES;
				CLANG_WARN_OBJC_ROOT_CLASS = YES_ERROR;
				CLANG_WARN_UNREACHABLE_CODE = YES;
				CLANG_WARN__DUPLICATE_METHOD_MATCH = YES;
				"CODE_SIGN_IDENTITY[sdk=iphoneos*]" = "iPhone Developer";
				COPY_PHASE_STRIP = NO;
				DEBUG_INFORMATION_FORMAT = dwarf;
				ENABLE_STRICT_OBJC_MSGSEND = YES;
				ENABLE_TESTABILITY = YES;
				GCC_C_LANGUAGE_STANDARD = gnu99;
				GCC_DYNAMIC_NO_PIC = NO;
				GCC_NO_COMMON_BLOCKS = YES;
				GCC_OPTIMIZATION_LEVEL = 0;
				GCC_PREPROCESSOR_DEFINITIONS = (
					"DEBUG=1",
					"$(inherited)",
				);
				GCC_WARN_64_TO_32_BIT_CONVERSION = YES;
				GCC_WARN_ABOUT_RETURN_TYPE = YES_ERROR;
				GCC_WARN_UNDECLARED_SELECTOR = YES;
				GCC_WARN_UNINITIALIZED_AUTOS = YES_AGGRESSIVE;
				GCC_WARN_UNUSED_FUNCTION = YES;
				GCC_WARN_UNUSED_VARIABLE = YES;
				IPHONEOS_DEPLOYMENT_TARGET = 9.3;
				MTL_ENABLE_DEBUG_INFO = YES;
				ONLY_ACTIVE_ARCH = YES;
				SDKROOT = iphoneos;
			};
			name = Debug;
		};
		2EE5B3CC1CE3578300590827 /* Release */ = {
			isa = XCBuildConfiguration;
			buildSettings = {
				ALWAYS_SEARCH_USER_PATHS = NO;
				CLANG_ANALYZER_NONNULL = YES;
				CLANG_CXX_LANGUAGE_STANDARD = "gnu++0x";
				CLANG_CXX_LIBRARY = "libc++";
				CLANG_ENABLE_MODULES = YES;
				CLANG_ENABLE_OBJC_ARC = YES;
				CLANG_WARN_BOOL_CONVERSION = YES;
				CLANG_WARN_CONSTANT_CONVERSION = YES;
				CLANG_WARN_DIRECT_OBJC_ISA_USAGE = YES_ERROR;
				CLANG_WARN_EMPTY_BODY = YES;
				CLANG_WARN_ENUM_CONVERSION = YES;
				CLANG_WARN_INT_CONVERSION = YES;
				CLANG_WARN_OBJC_ROOT_CLASS = YES_ERROR;
				CLANG_WARN_UNREACHABLE_CODE = YES;
				CLANG_WARN__DUPLICATE_METHOD_MATCH = YES;
				"CODE_SIGN_IDENTITY[sdk=iphoneos*]" = "iPhone Developer";
				COPY_PHASE_STRIP = NO;
				DEBUG_INFORMATION_FORMAT = "dwarf-with-dsym";
				ENABLE_NS_ASSERTIONS = NO;
				ENABLE_STRICT_OBJC_MSGSEND = YES;
				GCC_C_LANGUAGE_STANDARD = gnu99;
				GCC_NO_COMMON_BLOCKS = YES;
				GCC_WARN_64_TO_32_BIT_CONVERSION = YES;
				GCC_WARN_ABOUT_RETURN_TYPE = YES_ERROR;
				GCC_WARN_UNDECLARED_SELECTOR = YES;
				GCC_WARN_UNINITIALIZED_AUTOS = YES_AGGRESSIVE;
				GCC_WARN_UNUSED_FUNCTION = YES;
				GCC_WARN_UNUSED_VARIABLE = YES;
				IPHONEOS_DEPLOYMENT_TARGET = 9.3;
				MTL_ENABLE_DEBUG_INFO = NO;
				SDKROOT = iphoneos;
				VALIDATE_PRODUCT = YES;
			};
			name = Release;
		};
		2EE5B3CE1CE3578300590827 /* Debug */ = {
			isa = XCBuildConfiguration;
			baseConfigurationReference = 160D8C502A7848AA9B0D38CC /* Pods.debug.xcconfig */;
			buildSettings = {
				ASSETCATALOG_COMPILER_APPICON_NAME = AppIcon;
				CLANG_ENABLE_MODULES = YES;
				CODE_SIGN_IDENTITY = "iPhone Developer";
				"CODE_SIGN_IDENTITY[sdk=iphoneos*]" = "iPhone Developer";
				INFOPLIST_FILE = ReFilm/Info.plist;
				IPHONEOS_DEPLOYMENT_TARGET = 8.4;
				LD_RUNPATH_SEARCH_PATHS = "$(inherited) @executable_path/Frameworks";
				PRODUCT_BUNDLE_IDENTIFIER = wondervictor.ReFilm;
				PRODUCT_NAME = "$(TARGET_NAME)";
				PROVISIONING_PROFILE = "";
				SWIFT_OBJC_BRIDGING_HEADER = "ReFilm-Bridging-Header.h";
				SWIFT_OPTIMIZATION_LEVEL = "-Onone";
			};
			name = Debug;
		};
		2EE5B3CF1CE3578300590827 /* Release */ = {
			isa = XCBuildConfiguration;
			baseConfigurationReference = 2DCCC943B7D37B9D9FD53211 /* Pods.release.xcconfig */;
			buildSettings = {
				ASSETCATALOG_COMPILER_APPICON_NAME = AppIcon;
				CLANG_ENABLE_MODULES = YES;
				CODE_SIGN_IDENTITY = "iPhone Developer";
				"CODE_SIGN_IDENTITY[sdk=iphoneos*]" = "iPhone Developer";
				INFOPLIST_FILE = ReFilm/Info.plist;
				IPHONEOS_DEPLOYMENT_TARGET = 8.4;
				LD_RUNPATH_SEARCH_PATHS = "$(inherited) @executable_path/Frameworks";
				PRODUCT_BUNDLE_IDENTIFIER = wondervictor.ReFilm;
				PRODUCT_NAME = "$(TARGET_NAME)";
				PROVISIONING_PROFILE = "";
				SWIFT_OBJC_BRIDGING_HEADER = "ReFilm-Bridging-Header.h";
			};
			name = Release;
		};
		2EE5B3D11CE3578300590827 /* Debug */ = {
			isa = XCBuildConfiguration;
			buildSettings = {
				BUNDLE_LOADER = "$(TEST_HOST)";
				INFOPLIST_FILE = ReFilmTests/Info.plist;
				LD_RUNPATH_SEARCH_PATHS = "$(inherited) @executable_path/Frameworks @loader_path/Frameworks";
				PRODUCT_BUNDLE_IDENTIFIER = Victor.ReFilmTests;
				PRODUCT_NAME = "$(TARGET_NAME)";
				TEST_HOST = "$(BUILT_PRODUCTS_DIR)/ReFilm.app/ReFilm";
			};
			name = Debug;
		};
		2EE5B3D21CE3578300590827 /* Release */ = {
			isa = XCBuildConfiguration;
			buildSettings = {
				BUNDLE_LOADER = "$(TEST_HOST)";
				INFOPLIST_FILE = ReFilmTests/Info.plist;
				LD_RUNPATH_SEARCH_PATHS = "$(inherited) @executable_path/Frameworks @loader_path/Frameworks";
				PRODUCT_BUNDLE_IDENTIFIER = Victor.ReFilmTests;
				PRODUCT_NAME = "$(TARGET_NAME)";
				TEST_HOST = "$(BUILT_PRODUCTS_DIR)/ReFilm.app/ReFilm";
			};
			name = Release;
		};
		2EE5B3D41CE3578300590827 /* Debug */ = {
			isa = XCBuildConfiguration;
			buildSettings = {
				INFOPLIST_FILE = ReFilmUITests/Info.plist;
				LD_RUNPATH_SEARCH_PATHS = "$(inherited) @executable_path/Frameworks @loader_path/Frameworks";
				PRODUCT_BUNDLE_IDENTIFIER = Victor.ReFilmUITests;
				PRODUCT_NAME = "$(TARGET_NAME)";
				TEST_TARGET_NAME = ReFilm;
			};
			name = Debug;
		};
		2EE5B3D51CE3578300590827 /* Release */ = {
			isa = XCBuildConfiguration;
			buildSettings = {
				INFOPLIST_FILE = ReFilmUITests/Info.plist;
				LD_RUNPATH_SEARCH_PATHS = "$(inherited) @executable_path/Frameworks @loader_path/Frameworks";
				PRODUCT_BUNDLE_IDENTIFIER = Victor.ReFilmUITests;
				PRODUCT_NAME = "$(TARGET_NAME)";
				TEST_TARGET_NAME = ReFilm;
			};
			name = Release;
		};
/* End XCBuildConfiguration section */

/* Begin XCConfigurationList section */
		2EE5B39B1CE3578200590827 /* Build configuration list for PBXProject "ReFilm" */ = {
			isa = XCConfigurationList;
			buildConfigurations = (
				2EE5B3CB1CE3578300590827 /* Debug */,
				2EE5B3CC1CE3578300590827 /* Release */,
			);
			defaultConfigurationIsVisible = 0;
			defaultConfigurationName = Release;
		};
		2EE5B3CD1CE3578300590827 /* Build configuration list for PBXNativeTarget "ReFilm" */ = {
			isa = XCConfigurationList;
			buildConfigurations = (
				2EE5B3CE1CE3578300590827 /* Debug */,
				2EE5B3CF1CE3578300590827 /* Release */,
			);
			defaultConfigurationIsVisible = 0;
			defaultConfigurationName = Release;
		};
		2EE5B3D01CE3578300590827 /* Build configuration list for PBXNativeTarget "ReFilmTests" */ = {
			isa = XCConfigurationList;
			buildConfigurations = (
				2EE5B3D11CE3578300590827 /* Debug */,
				2EE5B3D21CE3578300590827 /* Release */,
			);
			defaultConfigurationIsVisible = 0;
			defaultConfigurationName = Release;
		};
		2EE5B3D31CE3578300590827 /* Build configuration list for PBXNativeTarget "ReFilmUITests" */ = {
			isa = XCConfigurationList;
			buildConfigurations = (
				2EE5B3D41CE3578300590827 /* Debug */,
				2EE5B3D51CE3578300590827 /* Release */,
			);
			defaultConfigurationIsVisible = 0;
			defaultConfigurationName = Release;
		};
/* End XCConfigurationList section */

/* Begin XCVersionGroup section */
		2EAB4ADA1CE70C99009EE639 /* Movie.xcdatamodeld */ = {
			isa = XCVersionGroup;
			children = (
				2EAB4ADB1CE70C99009EE639 /* Movie.xcdatamodel */,
			);
			currentVersion = 2EAB4ADB1CE70C99009EE639 /* Movie.xcdatamodel */;
			name = Movie.xcdatamodeld;
			path = ReFilm/Model/CoreDataModel/Movie.xcdatamodeld;
			sourceTree = "<group>";
			versionGroupType = wrapper.xcdatamodel;
		};
/* End XCVersionGroup section */
	};
	rootObject = 2EE5B3981CE3578200590827 /* Project object */;
}
